// !$*UTF8*$!
{
	archiveVersion = 1;
	classes = {
	};
	objectVersion = 50;
	objects = {

/* Begin PBXBuildFile section */
		E4F6087C539583CB9EC0BFE8 /* Pods_Streetsafe.framework in Frameworks */ = {isa = PBXBuildFile; fileRef = CA69E2E416788142860ED3E7 /* Pods_Streetsafe.framework */; };
		F4192DE222E915D8008B33E1 /* AppDelegate.swift in Sources */ = {isa = PBXBuildFile; fileRef = F4192DE122E915D8008B33E1 /* AppDelegate.swift */; };
		F4192DE422E915D8008B33E1 /* ViewController.swift in Sources */ = {isa = PBXBuildFile; fileRef = F4192DE322E915D8008B33E1 /* ViewController.swift */; };
		F4192DEA22E915D8008B33E1 /* Streetsafe.xcdatamodeld in Sources */ = {isa = PBXBuildFile; fileRef = F4192DE822E915D8008B33E1 /* Streetsafe.xcdatamodeld */; };
		F4192DEC22E915D9008B33E1 /* Assets.xcassets in Resources */ = {isa = PBXBuildFile; fileRef = F4192DEB22E915D9008B33E1 /* Assets.xcassets */; };
		F4192DEF22E915D9008B33E1 /* LaunchScreen.storyboard in Resources */ = {isa = PBXBuildFile; fileRef = F4192DED22E915D9008B33E1 /* LaunchScreen.storyboard */; };
		F46D33EB22E917FA00A1B668 /* Base.lproj in Resources */ = {isa = PBXBuildFile; fileRef = F46D33EA22E917FA00A1B668 /* Base.lproj */; };
/* End PBXBuildFile section */

/* Begin PBXFileReference section */
		464D1033F1FF159B9EC364D9 /* Pods-Streetsafe.release.xcconfig */ = {isa = PBXFileReference; includeInIndex = 1; lastKnownFileType = text.xcconfig; name = "Pods-Streetsafe.release.xcconfig"; path = "Pods/Target Support Files/Pods-Streetsafe/Pods-Streetsafe.release.xcconfig"; sourceTree = "<group>"; };
		595D292ECCAD4AC72859C769 /* Pods-Streetsafe.debug.xcconfig */ = {isa = PBXFileReference; includeInIndex = 1; lastKnownFileType = text.xcconfig; name = "Pods-Streetsafe.debug.xcconfig"; path = "Pods/Target Support Files/Pods-Streetsafe/Pods-Streetsafe.debug.xcconfig"; sourceTree = "<group>"; };
		CA69E2E416788142860ED3E7 /* Pods_Streetsafe.framework */ = {isa = PBXFileReference; explicitFileType = wrapper.framework; includeInIndex = 0; path = Pods_Streetsafe.framework; sourceTree = BUILT_PRODUCTS_DIR; };
		F4192DDE22E915D8008B33E1 /* Streetsafe.app */ = {isa = PBXFileReference; explicitFileType = wrapper.application; includeInIndex = 0; path = Streetsafe.app; sourceTree = BUILT_PRODUCTS_DIR; };
		F4192DE122E915D8008B33E1 /* AppDelegate.swift */ = {isa = PBXFileReference; lastKnownFileType = sourcecode.swift; path = AppDelegate.swift; sourceTree = "<group>"; };
		F4192DE322E915D8008B33E1 /* ViewController.swift */ = {isa = PBXFileReference; lastKnownFileType = sourcecode.swift; path = ViewController.swift; sourceTree = "<group>"; };
		F4192DE922E915D8008B33E1 /* Streetsafe.xcdatamodel */ = {isa = PBXFileReference; lastKnownFileType = wrapper.xcdatamodel; path = Streetsafe.xcdatamodel; sourceTree = "<group>"; };
		F4192DEB22E915D9008B33E1 /* Assets.xcassets */ = {isa = PBXFileReference; lastKnownFileType = folder.assetcatalog; path = Assets.xcassets; sourceTree = "<group>"; };
		F4192DEE22E915D9008B33E1 /* Base */ = {isa = PBXFileReference; lastKnownFileType = file.storyboard; name = Base; path = Base.lproj/LaunchScreen.storyboard; sourceTree = "<group>"; };
		F4192DF022E915D9008B33E1 /* Info.plist */ = {isa = PBXFileReference; lastKnownFileType = text.plist.xml; path = Info.plist; sourceTree = "<group>"; };
		F46D33EA22E917FA00A1B668 /* Base.lproj */ = {isa = PBXFileReference; lastKnownFileType = folder; path = Base.lproj; sourceTree = "<group>"; };
		F4A20C5622E918B30022A571 /* Main.storyboard */ = {isa = PBXFileReference; lastKnownFileType = file.storyboard; path = Main.storyboard; sourceTree = "<group>"; };
/* End PBXFileReference section */

/* Begin PBXFrameworksBuildPhase section */
		F4192DDB22E915D8008B33E1 /* Frameworks */ = {
			isa = PBXFrameworksBuildPhase;
			buildActionMask = 2147483647;
			files = (
				E4F6087C539583CB9EC0BFE8 /* Pods_Streetsafe.framework in Frameworks */,
			);
			runOnlyForDeploymentPostprocessing = 0;
		};
/* End PBXFrameworksBuildPhase section */

/* Begin PBXGroup section */
		0A33187921FD82A1DC710CD8 /* Frameworks */ = {
			isa = PBXGroup;
			children = (
				CA69E2E416788142860ED3E7 /* Pods_Streetsafe.framework */,
			);
			name = Frameworks;
			sourceTree = "<group>";
		};
		E908BCB130ADB6972677E297 /* Pods */ = {
			isa = PBXGroup;
			children = (
				595D292ECCAD4AC72859C769 /* Pods-Streetsafe.debug.xcconfig */,
				464D1033F1FF159B9EC364D9 /* Pods-Streetsafe.release.xcconfig */,
			);
			name = Pods;
			sourceTree = "<group>";
		};
		F4192DD522E915D8008B33E1 = {
			isa = PBXGroup;
			children = (
				F4192DE022E915D8008B33E1 /* Streetsafe */,
				F4192DDF22E915D8008B33E1 /* Products */,
				E908BCB130ADB6972677E297 /* Pods */,
				0A33187921FD82A1DC710CD8 /* Frameworks */,
			);
			sourceTree = "<group>";
		};
		F4192DDF22E915D8008B33E1 /* Products */ = {
			isa = PBXGroup;
			children = (
				F4192DDE22E915D8008B33E1 /* Streetsafe.app */,
			);
			name = Products;
			sourceTree = "<group>";
		};
		F4192DE022E915D8008B33E1 /* Streetsafe */ = {
			isa = PBXGroup;
			children = (
				F46D33EA22E917FA00A1B668 /* Base.lproj */,
				F4192DE122E915D8008B33E1 /* AppDelegate.swift */,
				F4192DE322E915D8008B33E1 /* ViewController.swift */,
				F4A20C5622E918B30022A571 /* Main.storyboard */,
				F4192DEB22E915D9008B33E1 /* Assets.xcassets */,
				F4192DED22E915D9008B33E1 /* LaunchScreen.storyboard */,
				F4192DF022E915D9008B33E1 /* Info.plist */,
				F4192DE822E915D8008B33E1 /* Streetsafe.xcdatamodeld */,
			);
			path = Streetsafe;
			sourceTree = "<group>";
		};
/* End PBXGroup section */

/* Begin PBXNativeTarget section */
		F4192DDD22E915D8008B33E1 /* Streetsafe */ = {
			isa = PBXNativeTarget;
			buildConfigurationList = F4192DF322E915D9008B33E1 /* Build configuration list for PBXNativeTarget "Streetsafe" */;
			buildPhases = (
				6EA3C4EE0B8894D50E2EB72C /* [CP] Check Pods Manifest.lock */,
				F4192DDA22E915D8008B33E1 /* Sources */,
				F4192DDB22E915D8008B33E1 /* Frameworks */,
				F4192DDC22E915D8008B33E1 /* Resources */,
				D0D5C8C80D6AC7493942BC54 /* [CP] Embed Pods Frameworks */,
			);
			buildRules = (
			);
			dependencies = (
			);
			name = Streetsafe;
			productName = Streetsafe;
			productReference = F4192DDE22E915D8008B33E1 /* Streetsafe.app */;
			productType = "com.apple.product-type.application";
		};
/* End PBXNativeTarget section */

/* Begin PBXProject section */
		F4192DD622E915D8008B33E1 /* Project object */ = {
			isa = PBXProject;
			attributes = {
				LastSwiftUpdateCheck = 1020;
				LastUpgradeCheck = 1020;
				ORGANIZATIONNAME = "Andrea Tongsak";
				TargetAttributes = {
					F4192DDD22E915D8008B33E1 = {
						CreatedOnToolsVersion = 10.2.1;
					};
				};
			};
			buildConfigurationList = F4192DD922E915D8008B33E1 /* Build configuration list for PBXProject "Streetsafe" */;
			compatibilityVersion = "Xcode 9.3";
			developmentRegion = en;
			hasScannedForEncodings = 0;
			knownRegions = (
				en,
				Base,
			);
			mainGroup = F4192DD522E915D8008B33E1;
			productRefGroup = F4192DDF22E915D8008B33E1 /* Products */;
			projectDirPath = "";
			projectRoot = "";
			targets = (
				F4192DDD22E915D8008B33E1 /* Streetsafe */,
			);
		};
/* End PBXProject section */

/* Begin PBXResourcesBuildPhase section */
		F4192DDC22E915D8008B33E1 /* Resources */ = {
			isa = PBXResourcesBuildPhase;
			buildActionMask = 2147483647;
			files = (
				F4192DEF22E915D9008B33E1 /* LaunchScreen.storyboard in Resources */,
				F4192DEC22E915D9008B33E1 /* Assets.xcassets in Resources */,
				F46D33EB22E917FA00A1B668 /* Base.lproj in Resources */,
			);
			runOnlyForDeploymentPostprocessing = 0;
		};
/* End PBXResourcesBuildPhase section */

/* Begin PBXShellScriptBuildPhase section */
		6EA3C4EE0B8894D50E2EB72C /* [CP] Check Pods Manifest.lock */ = {
			isa = PBXShellScriptBuildPhase;
			buildActionMask = 2147483647;
			files = (
			);
			inputPaths = (
				"${PODS_PODFILE_DIR_PATH}/Podfile.lock",
				"${PODS_ROOT}/Manifest.lock",
			);
			name = "[CP] Check Pods Manifest.lock";
			outputPaths = (
				"$(DERIVED_FILE_DIR)/Pods-Streetsafe-checkManifestLockResult.txt",
			);
			runOnlyForDeploymentPostprocessing = 0;
			shellPath = /bin/sh;
			shellScript = "diff \"${PODS_PODFILE_DIR_PATH}/Podfile.lock\" \"${PODS_ROOT}/Manifest.lock\" > /dev/null\nif [ $? != 0 ] ; then\n    # print error to STDERR\n    echo \"error: The sandbox is not in sync with the Podfile.lock. Run 'pod install' or update your CocoaPods installation.\" >&2\n    exit 1\nfi\n# This output is used by Xcode 'outputs' to avoid re-running this script phase.\necho \"SUCCESS\" > \"${SCRIPT_OUTPUT_FILE_0}\"\n";
			showEnvVarsInLog = 0;
		};
		D0D5C8C80D6AC7493942BC54 /* [CP] Embed Pods Frameworks */ = {
			isa = PBXShellScriptBuildPhase;
			buildActionMask = 2147483647;
			files = (
			);
			inputPaths = (
				"${SRCROOT}/Pods/Target Support Files/Pods-Streetsafe/Pods-Streetsafe-frameworks.sh",
				"${BUILT_PRODUCTS_DIR}/GoogleUtilities/GoogleUtilities.framework",
				"${BUILT_PRODUCTS_DIR}/nanopb/nanopb.framework",
			);
			name = "[CP] Embed Pods Frameworks";
			outputPaths = (
				"${TARGET_BUILD_DIR}/${FRAMEWORKS_FOLDER_PATH}/GoogleUtilities.framework",
				"${TARGET_BUILD_DIR}/${FRAMEWORKS_FOLDER_PATH}/nanopb.framework",
			);
			runOnlyForDeploymentPostprocessing = 0;
			shellPath = /bin/sh;
			shellScript = "\"${SRCROOT}/Pods/Target Support Files/Pods-Streetsafe/Pods-Streetsafe-frameworks.sh\"\n";
			showEnvVarsInLog = 0;
		};
/* End PBXShellScriptBuildPhase section */

/* Begin PBXSourcesBuildPhase section */
		F4192DDA22E915D8008B33E1 /* Sources */ = {
			isa = PBXSourcesBuildPhase;
			buildActionMask = 2147483647;
			files = (
				F4192DE422E915D8008B33E1 /* ViewController.swift in Sources */,
				F4192DEA22E915D8008B33E1 /* Streetsafe.xcdatamodeld in Sources */,
				F4192DE222E915D8008B33E1 /* AppDelegate.swift in Sources */,
			);
			runOnlyForDeploymentPostprocessing = 0;
		};
/* End PBXSourcesBuildPhase section */

/* Begin PBXVariantGroup section */
		F4192DED22E915D9008B33E1 /* LaunchScreen.storyboard */ = {
			isa = PBXVariantGroup;
			children = (
				F4192DEE22E915D9008B33E1 /* Base */,
			);
			name = LaunchScreen.storyboard;
			sourceTree = "<group>";
		};
/* End PBXVariantGroup section */

/* Begin XCBuildConfiguration section */
		F4192DF122E915D9008B33E1 /* Debug */ = {
			isa = XCBuildConfiguration;
			buildSettings = {
				ALWAYS_SEARCH_USER_PATHS = NO;
				CLANG_ANALYZER_NONNULL = YES;
				CLANG_ANALYZER_NUMBER_OBJECT_CONVERSION = YES_AGGRESSIVE;
				CLANG_CXX_LANGUAGE_STANDARD = "gnu++14";
				CLANG_CXX_LIBRARY = "libc++";
				CLANG_ENABLE_MODULES = YES;
				CLANG_ENABLE_OBJC_ARC = YES;
				CLANG_ENABLE_OBJC_WEAK = YES;
				CLANG_WARN_BLOCK_CAPTURE_AUTORELEASING = YES;
				CLANG_WARN_BOOL_CONVERSION = YES;
				CLANG_WARN_COMMA = YES;
				CLANG_WARN_CONSTANT_CONVERSION = YES;
				CLANG_WARN_DEPRECATED_OBJC_IMPLEMENTATIONS = YES;
				CLANG_WARN_DIRECT_OBJC_ISA_USAGE = YES_ERROR;
				CLANG_WARN_DOCUMENTATION_COMMENTS = YES;
				CLANG_WARN_EMPTY_BODY = YES;
				CLANG_WARN_ENUM_CONVERSION = YES;
				CLANG_WARN_INFINITE_RECURSION = YES;
				CLANG_WARN_INT_CONVERSION = YES;
				CLANG_WARN_NON_LITERAL_NULL_CONVERSION = YES;
				CLANG_WARN_OBJC_IMPLICIT_RETAIN_SELF = YES;
				CLANG_WARN_OBJC_LITERAL_CONVERSION = YES;
				CLANG_WARN_OBJC_ROOT_CLASS = YES_ERROR;
				CLANG_WARN_RANGE_LOOP_ANALYSIS = YES;
				CLANG_WARN_STRICT_PROTOTYPES = YES;
				CLANG_WARN_SUSPICIOUS_MOVE = YES;
				CLANG_WARN_UNGUARDED_AVAILABILITY = YES_AGGRESSIVE;
				CLANG_WARN_UNREACHABLE_CODE = YES;
				CLANG_WARN__DUPLICATE_METHOD_MATCH = YES;
				CODE_SIGN_IDENTITY = "iPhone Developer";
				COPY_PHASE_STRIP = NO;
				DEBUG_INFORMATION_FORMAT = dwarf;
				ENABLE_STRICT_OBJC_MSGSEND = YES;
				ENABLE_TESTABILITY = YES;
				GCC_C_LANGUAGE_STANDARD = gnu11;
				GCC_DYNAMIC_NO_PIC = NO;
				GCC_NO_COMMON_BLOCKS = YES;
				GCC_OPTIMIZATION_LEVEL = 0;
				GCC_PREPROCESSOR_DEFINITIONS = (
					"DEBUG=1",
					"$(inherited)",
				);
				GCC_WARN_64_TO_32_BIT_CONVERSION = YES;
				GCC_WARN_ABOUT_RETURN_TYPE = YES_ERROR;
				GCC_WARN_UNDECLARED_SELECTOR = YES;
				GCC_WARN_UNINITIALIZED_AUTOS = YES_AGGRESSIVE;
				GCC_WARN_UNUSED_FUNCTION = YES;
				GCC_WARN_UNUSED_VARIABLE = YES;
				IPHONEOS_DEPLOYMENT_TARGET = 12.2;
				MTL_ENABLE_DEBUG_INFO = INCLUDE_SOURCE;
				MTL_FAST_MATH = YES;
				ONLY_ACTIVE_ARCH = YES;
				SDKROOT = iphoneos;
				SWIFT_ACTIVE_COMPILATION_CONDITIONS = DEBUG;
				SWIFT_OPTIMIZATION_LEVEL = "-Onone";
			};
			name = Debug;
		};
		F4192DF222E915D9008B33E1 /* Release */ = {
			isa = XCBuildConfiguration;
			buildSettings = {
				ALWAYS_SEARCH_USER_PATHS = NO;
				CLANG_ANALYZER_NONNULL = YES;
				CLANG_ANALYZER_NUMBER_OBJECT_CONVERSION = YES_AGGRESSIVE;
				CLANG_CXX_LANGUAGE_STANDARD = "gnu++14";
				CLANG_CXX_LIBRARY = "libc++";
				CLANG_ENABLE_MODULES = YES;
				CLANG_ENABLE_OBJC_ARC = YES;
				CLANG_ENABLE_OBJC_WEAK = YES;
				CLANG_WARN_BLOCK_CAPTURE_AUTORELEASING = YES;
				CLANG_WARN_BOOL_CONVERSION = YES;
				CLANG_WARN_COMMA = YES;
				CLANG_WARN_CONSTANT_CONVERSION = YES;
				CLANG_WARN_DEPRECATED_OBJC_IMPLEMENTATIONS = YES;
				CLANG_WARN_DIRECT_OBJC_ISA_USAGE = YES_ERROR;
				CLANG_WARN_DOCUMENTATION_COMMENTS = YES;
				CLANG_WARN_EMPTY_BODY = YES;
				CLANG_WARN_ENUM_CONVERSION = YES;
				CLANG_WARN_INFINITE_RECURSION = YES;
				CLANG_WARN_INT_CONVERSION = YES;
				CLANG_WARN_NON_LITERAL_NULL_CONVERSION = YES;
				CLANG_WARN_OBJC_IMPLICIT_RETAIN_SELF = YES;
				CLANG_WARN_OBJC_LITERAL_CONVERSION = YES;
				CLANG_WARN_OBJC_ROOT_CLASS = YES_ERROR;
				CLANG_WARN_RANGE_LOOP_ANALYSIS = YES;
				CLANG_WARN_STRICT_PROTOTYPES = YES;
				CLANG_WARN_SUSPICIOUS_MOVE = YES;
				CLANG_WARN_UNGUARDED_AVAILABILITY = YES_AGGRESSIVE;
				CLANG_WARN_UNREACHABLE_CODE = YES;
				CLANG_WARN__DUPLICATE_METHOD_MATCH = YES;
				CODE_SIGN_IDENTITY = "iPhone Developer";
				COPY_PHASE_STRIP = NO;
				DEBUG_INFORMATION_FORMAT = "dwarf-with-dsym";
				ENABLE_NS_ASSERTIONS = NO;
				ENABLE_STRICT_OBJC_MSGSEND = YES;
				GCC_C_LANGUAGE_STANDARD = gnu11;
				GCC_NO_COMMON_BLOCKS = YES;
				GCC_WARN_64_TO_32_BIT_CONVERSION = YES;
				GCC_WARN_ABOUT_RETURN_TYPE = YES_ERROR;
				GCC_WARN_UNDECLARED_SELECTOR = YES;
				GCC_WARN_UNINITIALIZED_AUTOS = YES_AGGRESSIVE;
				GCC_WARN_UNUSED_FUNCTION = YES;
				GCC_WARN_UNUSED_VARIABLE = YES;
				IPHONEOS_DEPLOYMENT_TARGET = 12.2;
				MTL_ENABLE_DEBUG_INFO = NO;
				MTL_FAST_MATH = YES;
				SDKROOT = iphoneos;
				SWIFT_COMPILATION_MODE = wholemodule;
				SWIFT_OPTIMIZATION_LEVEL = "-O";
				VALIDATE_PRODUCT = YES;
			};
			name = Release;
		};
		F4192DF422E915D9008B33E1 /* Debug */ = {
			isa = XCBuildConfiguration;
			baseConfigurationReference = 595D292ECCAD4AC72859C769 /* Pods-Streetsafe.debug.xcconfig */;
			buildSettings = {
				ASSETCATALOG_COMPILER_APPICON_NAME = AppIcon;
				CODE_SIGN_STYLE = Automatic;
				DEVELOPMENT_TEAM = HUQRC7VGPT;
				INFOPLIST_FILE = Streetsafe/Info.plist;
				LD_RUNPATH_SEARCH_PATHS = (
					"$(inherited)",
					"@executable_path/Frameworks",
				);
				PRODUCT_BUNDLE_IDENTIFIER = com.Tongsak.Streetsafe;
				PRODUCT_NAME = "$(TARGET_NAME)";
				SWIFT_VERSION = 5.0;
				TARGETED_DEVICE_FAMILY = "1,2";
			};
			name = Debug;
		};
		F4192DF522E915D9008B33E1 /* Release */ = {
			isa = XCBuildConfiguration;
			baseConfigurationReference = 464D1033F1FF159B9EC364D9 /* Pods-Streetsafe.release.xcconfig */;
			buildSettings = {
				ASSETCATALOG_COMPILER_APPICON_NAME = AppIcon;
				CODE_SIGN_STYLE = Automatic;
				DEVELOPMENT_TEAM = HUQRC7VGPT;
				INFOPLIST_FILE = Streetsafe/Info.plist;
				LD_RUNPATH_SEARCH_PATHS = (
					"$(inherited)",
					"@executable_path/Frameworks",
				);
				PRODUCT_BUNDLE_IDENTIFIER = com.Tongsak.Streetsafe;
				PRODUCT_NAME = "$(TARGET_NAME)";
				SWIFT_VERSION = 5.0;
				TARGETED_DEVICE_FAMILY = "1,2";
			};
			name = Release;
		};
/* End XCBuildConfiguration section */

/* Begin XCConfigurationList section */
		F4192DD922E915D8008B33E1 /* Build configuration list for PBXProject "Streetsafe" */ = {
			isa = XCConfigurationList;
			buildConfigurations = (
				F4192DF122E915D9008B33E1 /* Debug */,
				F4192DF222E915D9008B33E1 /* Release */,
			);
			defaultConfigurationIsVisible = 0;
			defaultConfigurationName = Release;
		};
		F4192DF322E915D9008B33E1 /* Build configuration list for PBXNativeTarget "Streetsafe" */ = {
			isa = XCConfigurationList;
			buildConfigurations = (
				F4192DF422E915D9008B33E1 /* Debug */,
				F4192DF522E915D9008B33E1 /* Release */,
			);
			defaultConfigurationIsVisible = 0;
			defaultConfigurationName = Release;
		};
/* End XCConfigurationList section */

/* Begin XCVersionGroup section */
		F4192DE822E915D8008B33E1 /* Streetsafe.xcdatamodeld */ = {
			isa = XCVersionGroup;
			children = (
				F4192DE922E915D8008B33E1 /* Streetsafe.xcdatamodel */,
			);
			currentVersion = F4192DE922E915D8008B33E1 /* Streetsafe.xcdatamodel */;
			path = Streetsafe.xcdatamodeld;
			sourceTree = "<group>";
			versionGroupType = wrapper.xcdatamodel;
		};
/* End XCVersionGroup section */
	};
	rootObject = F4192DD622E915D8008B33E1 /* Project object */;
}
